
Microsoft Visual Studio Solution File, Format Version 12.00
# Visual Studio Version 17
VisualStudioVersion = 17.0.31903.59
MinimumVisualStudioVersion = 10.0.40219.1
Project("{2150E333-8FDC-42A3-9474-1A3956D46DE8}") = "src", "src", "{827E0CD3-B72D-47B6-A68D-7590B98EB39B}"
EndProject
Project("{FAE04EC0-301F-11D3-BF4B-00C04F79EFBC}") = "ExpenseTrackerApi", "src\ExpenseTrackerApi\ExpenseTrackerApi.csproj", "{17D4F3AE-5445-455E-A28A-A995140C0FDC}"
EndProject
Project("{FAE04EC0-301F-11D3-BF4B-00C04F79EFBC}") = "ExpenseTracker.Application", "src\ExpenseTracker.Application\ExpenseTracker.Application.csproj", "{D4F43812-AE4E-4B5B-B763-78025BC1EDF5}"
EndProject
Project("{FAE04EC0-301F-11D3-BF4B-00C04F79EFBC}") = "ExpenseTracker.Domain", "src\ExpenseTracker.Domain\ExpenseTracker.Domain.csproj", "{D479E4D9-C967-427A-A755-F6BB936AEDCA}"
EndProject
Project("{FAE04EC0-301F-11D3-BF4B-00C04F79EFBC}") = "ExpenseTracker.Infrastructure", "src\ExpenseTracker.Infrastructure\ExpenseTracker.Infrastructure.csproj", "{5C9A7CEA-5746-4FE9-A0AC-8B81FFFFBF69}"
EndProject
Global
	GlobalSection(SolutionConfigurationPlatforms) = preSolution
		Debug|Any CPU = Debug|Any CPU
		Debug|x64 = Debug|x64
		Debug|x86 = Debug|x86
		Release|Any CPU = Release|Any CPU
		Release|x64 = Release|x64
		Release|x86 = Release|x86
	EndGlobalSection
	GlobalSection(ProjectConfigurationPlatforms) = postSolution
		{17D4F3AE-5445-455E-A28A-A995140C0FDC}.Debug|Any CPU.ActiveCfg = Debug|Any CPU
		{17D4F3AE-5445-455E-A28A-A995140C0FDC}.Debug|Any CPU.Build.0 = Debug|Any CPU
		{17D4F3AE-5445-455E-A28A-A995140C0FDC}.Debug|x64.ActiveCfg = Debug|Any CPU
		{17D4F3AE-5445-455E-A28A-A995140C0FDC}.Debug|x64.Build.0 = Debug|Any CPU
		{17D4F3AE-5445-455E-A28A-A995140C0FDC}.Debug|x86.ActiveCfg = Debug|Any CPU
		{17D4F3AE-5445-455E-A28A-A995140C0FDC}.Debug|x86.Build.0 = Debug|Any CPU
		{17D4F3AE-5445-455E-A28A-A995140C0FDC}.Release|Any CPU.ActiveCfg = Release|Any CPU
		{17D4F3AE-5445-455E-A28A-A995140C0FDC}.Release|Any CPU.Build.0 = Release|Any CPU
		{17D4F3AE-5445-455E-A28A-A995140C0FDC}.Release|x64.ActiveCfg = Release|Any CPU
		{17D4F3AE-5445-455E-A28A-A995140C0FDC}.Release|x64.Build.0 = Release|Any CPU
		{17D4F3AE-5445-455E-A28A-A995140C0FDC}.Release|x86.ActiveCfg = Release|Any CPU
		{17D4F3AE-5445-455E-A28A-A995140C0FDC}.Release|x86.Build.0 = Release|Any CPU
		{D4F43812-AE4E-4B5B-B763-78025BC1EDF5}.Debug|Any CPU.ActiveCfg = Debug|Any CPU
		{D4F43812-AE4E-4B5B-B763-78025BC1EDF5}.Debug|Any CPU.Build.0 = Debug|Any CPU
		{D4F43812-AE4E-4B5B-B763-78025BC1EDF5}.Debug|x64.ActiveCfg = Debug|Any CPU
		{D4F43812-AE4E-4B5B-B763-78025BC1EDF5}.Debug|x64.Build.0 = Debug|Any CPU
		{D4F43812-AE4E-4B5B-B763-78025BC1EDF5}.Debug|x86.ActiveCfg = Debug|Any CPU
		{D4F43812-AE4E-4B5B-B763-78025BC1EDF5}.Debug|x86.Build.0 = Debug|Any CPU
		{D4F43812-AE4E-4B5B-B763-78025BC1EDF5}.Release|Any CPU.ActiveCfg = Release|Any CPU
		{D4F43812-AE4E-4B5B-B763-78025BC1EDF5}.Release|Any CPU.Build.0 = Release|Any CPU
		{D4F43812-AE4E-4B5B-B763-78025BC1EDF5}.Release|x64.ActiveCfg = Release|Any CPU
		{D4F43812-AE4E-4B5B-B763-78025BC1EDF5}.Release|x64.Build.0 = Release|Any CPU
		{D4F43812-AE4E-4B5B-B763-78025BC1EDF5}.Release|x86.ActiveCfg = Release|Any CPU
		{D4F43812-AE4E-4B5B-B763-78025BC1EDF5}.Release|x86.Build.0 = Release|Any CPU
		{D479E4D9-C967-427A-A755-F6BB936AEDCA}.Debug|Any CPU.ActiveCfg = Debug|Any CPU
		{D479E4D9-C967-427A-A755-F6BB936AEDCA}.Debug|Any CPU.Build.0 = Debug|Any CPU
		{D479E4D9-C967-427A-A755-F6BB936AEDCA}.Debug|x64.ActiveCfg = Debug|Any CPU
		{D479E4D9-C967-427A-A755-F6BB936AEDCA}.Debug|x64.Build.0 = Debug|Any CPU
		{D479E4D9-C967-427A-A755-F6BB936AEDCA}.Debug|x86.ActiveCfg = Debug|Any CPU
		{D479E4D9-C967-427A-A755-F6BB936AEDCA}.Debug|x86.Build.0 = Debug|Any CPU
		{D479E4D9-C967-427A-A755-F6BB936AEDCA}.Release|Any CPU.ActiveCfg = Release|Any CPU
		{D479E4D9-C967-427A-A755-F6BB936AEDCA}.Release|Any CPU.Build.0 = Release|Any CPU
		{D479E4D9-C967-427A-A755-F6BB936AEDCA}.Release|x64.ActiveCfg = Release|Any CPU
		{D479E4D9-C967-427A-A755-F6BB936AEDCA}.Release|x64.Build.0 = Release|Any CPU
		{D479E4D9-C967-427A-A755-F6BB936AEDCA}.Release|x86.ActiveCfg = Release|Any CPU
		{D479E4D9-C967-427A-A755-F6BB936AEDCA}.Release|x86.Build.0 = Release|Any CPU
		{5C9A7CEA-5746-4FE9-A0AC-8B81FFFFBF69}.Debug|Any CPU.ActiveCfg = Debug|Any CPU
		{5C9A7CEA-5746-4FE9-A0AC-8B81FFFFBF69}.Debug|Any CPU.Build.0 = Debug|Any CPU
		{5C9A7CEA-5746-4FE9-A0AC-8B81FFFFBF69}.Debug|x64.ActiveCfg = Debug|Any CPU
		{5C9A7CEA-5746-4FE9-A0AC-8B81FFFFBF69}.Debug|x64.Build.0 = Debug|Any CPU
		{5C9A7CEA-5746-4FE9-A0AC-8B81FFFFBF69}.Debug|x86.ActiveCfg = Debug|Any CPU
		{5C9A7CEA-5746-4FE9-A0AC-8B81FFFFBF69}.Debug|x86.Build.0 = Debug|Any CPU
		{5C9A7CEA-5746-4FE9-A0AC-8B81FFFFBF69}.Release|Any CPU.ActiveCfg = Release|Any CPU
		{5C9A7CEA-5746-4FE9-A0AC-8B81FFFFBF69}.Release|Any CPU.Build.0 = Release|Any CPU
		{5C9A7CEA-5746-4FE9-A0AC-8B81FFFFBF69}.Release|x64.ActiveCfg = Release|Any CPU
		{5C9A7CEA-5746-4FE9-A0AC-8B81FFFFBF69}.Release|x64.Build.0 = Release|Any CPU
		{5C9A7CEA-5746-4FE9-A0AC-8B81FFFFBF69}.Release|x86.ActiveCfg = Release|Any CPU
		{5C9A7CEA-5746-4FE9-A0AC-8B81FFFFBF69}.Release|x86.Build.0 = Release|Any CPU
	EndGlobalSection
	GlobalSection(SolutionProperties) = preSolution
		HideSolutionNode = FALSE
	EndGlobalSection
	GlobalSection(NestedProjects) = preSolution
		{17D4F3AE-5445-455E-A28A-A995140C0FDC} = {827E0CD3-B72D-47B6-A68D-7590B98EB39B}
		{D4F43812-AE4E-4B5B-B763-78025BC1EDF5} = {827E0CD3-B72D-47B6-A68D-7590B98EB39B}
		{D479E4D9-C967-427A-A755-F6BB936AEDCA} = {827E0CD3-B72D-47B6-A68D-7590B98EB39B}
		{5C9A7CEA-5746-4FE9-A0AC-8B81FFFFBF69} = {827E0CD3-B72D-47B6-A68D-7590B98EB39B}
	EndGlobalSection
EndGlobal
